
Microsoft Visual Studio Solution File, Format Version 12.00
# Visual Studio Version 16
VisualStudioVersion = 16.0.30717.126
MinimumVisualStudioVersion = 10.0.40219.1
Project("{9A19103F-16F7-4668-BE54-9A1E7A4F7556}") = "Calculator", "Calculator\Calculator.csproj", "{5AE5D167-7B58-425F-A897-60E020AE016E}"
EndProject
Project("{FAE04EC0-301F-11D3-BF4B-00C04F79EFBC}") = "Verbos", "Verbos\Verbos.csproj", "{47FE7B91-9DA5-411B-9B1C-63FB853686A5}"
EndProject
Global
	GlobalSection(SolutionConfigurationPlatforms) = preSolution
		Debug|Any CPU = Debug|Any CPU
		Release|Any CPU = Release|Any CPU
	EndGlobalSection
	GlobalSection(ProjectConfigurationPlatforms) = postSolution
		{5AE5D167-7B58-425F-A897-60E020AE016E}.Debug|Any CPU.ActiveCfg = Debug|Any CPU
		{5AE5D167-7B58-425F-A897-60E020AE016E}.Debug|Any CPU.Build.0 = Debug|Any CPU
		{5AE5D167-7B58-425F-A897-60E020AE016E}.Release|Any CPU.ActiveCfg = Release|Any CPU
		{5AE5D167-7B58-425F-A897-60E020AE016E}.Release|Any CPU.Build.0 = Release|Any CPU
		{47FE7B91-9DA5-411B-9B1C-63FB853686A5}.Debug|Any CPU.ActiveCfg = Debug|Any CPU
		{47FE7B91-9DA5-411B-9B1C-63FB853686A5}.Debug|Any CPU.Build.0 = Debug|Any CPU
		{47FE7B91-9DA5-411B-9B1C-63FB853686A5}.Release|Any CPU.ActiveCfg = Release|Any CPU
		{47FE7B91-9DA5-411B-9B1C-63FB853686A5}.Release|Any CPU.Build.0 = Release|Any CPU
	EndGlobalSection
	GlobalSection(SolutionProperties) = preSolution
		HideSolutionNode = FALSE
	EndGlobalSection
	GlobalSection(ExtensibilityGlobals) = postSolution
		SolutionGuid = {873D002B-A4A2-479A-A1C0-AC4305E08FD1}
	EndGlobalSection
EndGlobal
